
Microsoft Visual Studio Solution File, Format Version 12.00
# Visual Studio Version 17
VisualStudioVersion = 17.0.31903.59
MinimumVisualStudioVersion = 10.0.40219.1
Project("{FAE04EC0-301F-11D3-BF4B-00C04F79EFBC}") = "DotnetSnes.Core", "DotnetSnes.Core\DotnetSnes.Core.csproj", "{7D2751CF-B147-40B9-A507-D8FA4B804154}"
EndProject
Project("{2150E333-8FDC-42A3-9474-1A3956D46DE8}") = "dntc", "dntc", "{5BC8A2EF-3306-4754-B3AD-58989BA21E96}"
EndProject
Project("{FAE04EC0-301F-11D3-BF4B-00C04F79EFBC}") = "Dntc.Attributes", "..\dntc\Dntc.Attributes\Dntc.Attributes.csproj", "{05DB0FDF-0DDF-49F1-A2B1-B531EAA78FA1}"
EndProject
Project("{FAE04EC0-301F-11D3-BF4B-00C04F79EFBC}") = "Dntc.Common", "..\dntc\Dntc.Common\Dntc.Common.csproj", "{91631D44-111A-4574-9405-3CEEDC7668ED}"
EndProject
Project("{2150E333-8FDC-42A3-9474-1A3956D46DE8}") = "Examples", "Examples", "{DA258C08-A72D-40A2-B156-531697C3DDAE}"
EndProject
Project("{FAE04EC0-301F-11D3-BF4B-00C04F79EFBC}") = "DotnetSnes.Example.HelloWorld", "DotnetSnes.Example.HelloWorld\DotnetSnes.Example.HelloWorld.csproj", "{DE603BCF-5973-41D0-9A0B-25FEA5AB5802}"
EndProject
Project("{FAE04EC0-301F-11D3-BF4B-00C04F79EFBC}") = "Dntc.Cli", "..\dntc\Dntc.Cli\Dntc.Cli.csproj", "{21387CC0-B6B1-4711-B6DE-B99703F4A897}"
EndProject
Project("{FAE04EC0-301F-11D3-BF4B-00C04F79EFBC}") = "DotnetSnes.Example.LikeMario", "DotnetSnes.Example.LikeMario\DotnetSnes.Example.LikeMario.csproj", "{40412AC7-2595-4A24-A9F8-A826BB789BCC}"
EndProject
Project("{FAE04EC0-301F-11D3-BF4B-00C04F79EFBC}") = "DotnetSnes.Example.Objects.MoveObjects", "DotnetSnes.Example.Objects.MoveObjects\DotnetSnes.Example.Objects.MoveObjects.csproj", "{D7C5AA56-A0BB-496B-B902-6BE630B5CFF1}"
EndProject
Project("{FAE04EC0-301F-11D3-BF4B-00C04F79EFBC}") = "DotnetSnes.Example.Breakout", "DotnetSnes.Example.Breakout\DotnetSnes.Example.Breakout.csproj", "{C3CFC888-E152-4331-B836-85DC4D79F830}"
EndProject
Project("{FAE04EC0-301F-11D3-BF4B-00C04F79EFBC}") = "TestingSNES", "TestingSNES\TestingSNES.csproj", "{62239ABA-6648-442A-B5B0-07FAA338D01E}"
EndProject
Global
	GlobalSection(SolutionConfigurationPlatforms) = preSolution
		Debug|Any CPU = Debug|Any CPU
		Debug|x64 = Debug|x64
		Debug|x86 = Debug|x86
		Release|Any CPU = Release|Any CPU
		Release|x64 = Release|x64
		Release|x86 = Release|x86
	EndGlobalSection
	GlobalSection(ProjectConfigurationPlatforms) = postSolution
		{7D2751CF-B147-40B9-A507-D8FA4B804154}.Debug|Any CPU.ActiveCfg = Debug|Any CPU
		{7D2751CF-B147-40B9-A507-D8FA4B804154}.Debug|Any CPU.Build.0 = Debug|Any CPU
		{7D2751CF-B147-40B9-A507-D8FA4B804154}.Debug|x64.ActiveCfg = Debug|Any CPU
		{7D2751CF-B147-40B9-A507-D8FA4B804154}.Debug|x64.Build.0 = Debug|Any CPU
		{7D2751CF-B147-40B9-A507-D8FA4B804154}.Debug|x86.ActiveCfg = Debug|Any CPU
		{7D2751CF-B147-40B9-A507-D8FA4B804154}.Debug|x86.Build.0 = Debug|Any CPU
		{7D2751CF-B147-40B9-A507-D8FA4B804154}.Release|Any CPU.ActiveCfg = Release|Any CPU
		{7D2751CF-B147-40B9-A507-D8FA4B804154}.Release|Any CPU.Build.0 = Release|Any CPU
		{7D2751CF-B147-40B9-A507-D8FA4B804154}.Release|x64.ActiveCfg = Release|Any CPU
		{7D2751CF-B147-40B9-A507-D8FA4B804154}.Release|x64.Build.0 = Release|Any CPU
		{7D2751CF-B147-40B9-A507-D8FA4B804154}.Release|x86.ActiveCfg = Release|Any CPU
		{7D2751CF-B147-40B9-A507-D8FA4B804154}.Release|x86.Build.0 = Release|Any CPU
		{05DB0FDF-0DDF-49F1-A2B1-B531EAA78FA1}.Debug|Any CPU.ActiveCfg = Debug|Any CPU
		{05DB0FDF-0DDF-49F1-A2B1-B531EAA78FA1}.Debug|Any CPU.Build.0 = Debug|Any CPU
		{05DB0FDF-0DDF-49F1-A2B1-B531EAA78FA1}.Debug|x64.ActiveCfg = Debug|Any CPU
		{05DB0FDF-0DDF-49F1-A2B1-B531EAA78FA1}.Debug|x64.Build.0 = Debug|Any CPU
		{05DB0FDF-0DDF-49F1-A2B1-B531EAA78FA1}.Debug|x86.ActiveCfg = Debug|Any CPU
		{05DB0FDF-0DDF-49F1-A2B1-B531EAA78FA1}.Debug|x86.Build.0 = Debug|Any CPU
		{05DB0FDF-0DDF-49F1-A2B1-B531EAA78FA1}.Release|Any CPU.ActiveCfg = Release|Any CPU
		{05DB0FDF-0DDF-49F1-A2B1-B531EAA78FA1}.Release|Any CPU.Build.0 = Release|Any CPU
		{05DB0FDF-0DDF-49F1-A2B1-B531EAA78FA1}.Release|x64.ActiveCfg = Release|Any CPU
		{05DB0FDF-0DDF-49F1-A2B1-B531EAA78FA1}.Release|x64.Build.0 = Release|Any CPU
		{05DB0FDF-0DDF-49F1-A2B1-B531EAA78FA1}.Release|x86.ActiveCfg = Release|Any CPU
		{05DB0FDF-0DDF-49F1-A2B1-B531EAA78FA1}.Release|x86.Build.0 = Release|Any CPU
		{91631D44-111A-4574-9405-3CEEDC7668ED}.Debug|Any CPU.ActiveCfg = Debug|Any CPU
		{91631D44-111A-4574-9405-3CEEDC7668ED}.Debug|Any CPU.Build.0 = Debug|Any CPU
		{91631D44-111A-4574-9405-3CEEDC7668ED}.Debug|x64.ActiveCfg = Debug|Any CPU
		{91631D44-111A-4574-9405-3CEEDC7668ED}.Debug|x64.Build.0 = Debug|Any CPU
		{91631D44-111A-4574-9405-3CEEDC7668ED}.Debug|x86.ActiveCfg = Debug|Any CPU
		{91631D44-111A-4574-9405-3CEEDC7668ED}.Debug|x86.Build.0 = Debug|Any CPU
		{91631D44-111A-4574-9405-3CEEDC7668ED}.Release|Any CPU.ActiveCfg = Release|Any CPU
		{91631D44-111A-4574-9405-3CEEDC7668ED}.Release|Any CPU.Build.0 = Release|Any CPU
		{91631D44-111A-4574-9405-3CEEDC7668ED}.Release|x64.ActiveCfg = Release|Any CPU
		{91631D44-111A-4574-9405-3CEEDC7668ED}.Release|x64.Build.0 = Release|Any CPU
		{91631D44-111A-4574-9405-3CEEDC7668ED}.Release|x86.ActiveCfg = Release|Any CPU
		{91631D44-111A-4574-9405-3CEEDC7668ED}.Release|x86.Build.0 = Release|Any CPU
		{DE603BCF-5973-41D0-9A0B-25FEA5AB5802}.Debug|Any CPU.ActiveCfg = Debug|Any CPU
		{DE603BCF-5973-41D0-9A0B-25FEA5AB5802}.Debug|Any CPU.Build.0 = Debug|Any CPU
		{DE603BCF-5973-41D0-9A0B-25FEA5AB5802}.Debug|x64.ActiveCfg = Debug|Any CPU
		{DE603BCF-5973-41D0-9A0B-25FEA5AB5802}.Debug|x64.Build.0 = Debug|Any CPU
		{DE603BCF-5973-41D0-9A0B-25FEA5AB5802}.Debug|x86.ActiveCfg = Debug|Any CPU
		{DE603BCF-5973-41D0-9A0B-25FEA5AB5802}.Debug|x86.Build.0 = Debug|Any CPU
		{DE603BCF-5973-41D0-9A0B-25FEA5AB5802}.Release|Any CPU.ActiveCfg = Release|Any CPU
		{DE603BCF-5973-41D0-9A0B-25FEA5AB5802}.Release|Any CPU.Build.0 = Release|Any CPU
		{DE603BCF-5973-41D0-9A0B-25FEA5AB5802}.Release|x64.ActiveCfg = Release|Any CPU
		{DE603BCF-5973-41D0-9A0B-25FEA5AB5802}.Release|x64.Build.0 = Release|Any CPU
		{DE603BCF-5973-41D0-9A0B-25FEA5AB5802}.Release|x86.ActiveCfg = Release|Any CPU
		{DE603BCF-5973-41D0-9A0B-25FEA5AB5802}.Release|x86.Build.0 = Release|Any CPU
		{21387CC0-B6B1-4711-B6DE-B99703F4A897}.Debug|Any CPU.ActiveCfg = Debug|Any CPU
		{21387CC0-B6B1-4711-B6DE-B99703F4A897}.Debug|Any CPU.Build.0 = Debug|Any CPU
		{21387CC0-B6B1-4711-B6DE-B99703F4A897}.Debug|x64.ActiveCfg = Debug|Any CPU
		{21387CC0-B6B1-4711-B6DE-B99703F4A897}.Debug|x64.Build.0 = Debug|Any CPU
		{21387CC0-B6B1-4711-B6DE-B99703F4A897}.Debug|x86.ActiveCfg = Debug|Any CPU
		{21387CC0-B6B1-4711-B6DE-B99703F4A897}.Debug|x86.Build.0 = Debug|Any CPU
		{21387CC0-B6B1-4711-B6DE-B99703F4A897}.Release|Any CPU.ActiveCfg = Release|Any CPU
		{21387CC0-B6B1-4711-B6DE-B99703F4A897}.Release|Any CPU.Build.0 = Release|Any CPU
		{21387CC0-B6B1-4711-B6DE-B99703F4A897}.Release|x64.ActiveCfg = Release|Any CPU
		{21387CC0-B6B1-4711-B6DE-B99703F4A897}.Release|x64.Build.0 = Release|Any CPU
		{21387CC0-B6B1-4711-B6DE-B99703F4A897}.Release|x86.ActiveCfg = Release|Any CPU
		{21387CC0-B6B1-4711-B6DE-B99703F4A897}.Release|x86.Build.0 = Release|Any CPU
		{40412AC7-2595-4A24-A9F8-A826BB789BCC}.Debug|Any CPU.ActiveCfg = Debug|Any CPU
		{40412AC7-2595-4A24-A9F8-A826BB789BCC}.Debug|Any CPU.Build.0 = Debug|Any CPU
		{40412AC7-2595-4A24-A9F8-A826BB789BCC}.Debug|x64.ActiveCfg = Debug|Any CPU
		{40412AC7-2595-4A24-A9F8-A826BB789BCC}.Debug|x64.Build.0 = Debug|Any CPU
		{40412AC7-2595-4A24-A9F8-A826BB789BCC}.Debug|x86.ActiveCfg = Debug|Any CPU
		{40412AC7-2595-4A24-A9F8-A826BB789BCC}.Debug|x86.Build.0 = Debug|Any CPU
		{40412AC7-2595-4A24-A9F8-A826BB789BCC}.Release|Any CPU.ActiveCfg = Release|Any CPU
		{40412AC7-2595-4A24-A9F8-A826BB789BCC}.Release|Any CPU.Build.0 = Release|Any CPU
		{40412AC7-2595-4A24-A9F8-A826BB789BCC}.Release|x64.ActiveCfg = Release|Any CPU
		{40412AC7-2595-4A24-A9F8-A826BB789BCC}.Release|x64.Build.0 = Release|Any CPU
		{40412AC7-2595-4A24-A9F8-A826BB789BCC}.Release|x86.ActiveCfg = Release|Any CPU
		{40412AC7-2595-4A24-A9F8-A826BB789BCC}.Release|x86.Build.0 = Release|Any CPU
		{D7C5AA56-A0BB-496B-B902-6BE630B5CFF1}.Debug|Any CPU.ActiveCfg = Debug|Any CPU
		{D7C5AA56-A0BB-496B-B902-6BE630B5CFF1}.Debug|Any CPU.Build.0 = Debug|Any CPU
		{D7C5AA56-A0BB-496B-B902-6BE630B5CFF1}.Debug|x64.ActiveCfg = Debug|Any CPU
		{D7C5AA56-A0BB-496B-B902-6BE630B5CFF1}.Debug|x64.Build.0 = Debug|Any CPU
		{D7C5AA56-A0BB-496B-B902-6BE630B5CFF1}.Debug|x86.ActiveCfg = Debug|Any CPU
		{D7C5AA56-A0BB-496B-B902-6BE630B5CFF1}.Debug|x86.Build.0 = Debug|Any CPU
		{D7C5AA56-A0BB-496B-B902-6BE630B5CFF1}.Release|Any CPU.ActiveCfg = Release|Any CPU
		{D7C5AA56-A0BB-496B-B902-6BE630B5CFF1}.Release|Any CPU.Build.0 = Release|Any CPU
		{D7C5AA56-A0BB-496B-B902-6BE630B5CFF1}.Release|x64.ActiveCfg = Release|Any CPU
		{D7C5AA56-A0BB-496B-B902-6BE630B5CFF1}.Release|x64.Build.0 = Release|Any CPU
		{D7C5AA56-A0BB-496B-B902-6BE630B5CFF1}.Release|x86.ActiveCfg = Release|Any CPU
		{D7C5AA56-A0BB-496B-B902-6BE630B5CFF1}.Release|x86.Build.0 = Release|Any CPU
		{C3CFC888-E152-4331-B836-85DC4D79F830}.Debug|Any CPU.ActiveCfg = Debug|Any CPU
		{C3CFC888-E152-4331-B836-85DC4D79F830}.Debug|Any CPU.Build.0 = Debug|Any CPU
		{C3CFC888-E152-4331-B836-85DC4D79F830}.Debug|x64.ActiveCfg = Debug|Any CPU
		{C3CFC888-E152-4331-B836-85DC4D79F830}.Debug|x64.Build.0 = Debug|Any CPU
		{C3CFC888-E152-4331-B836-85DC4D79F830}.Debug|x86.ActiveCfg = Debug|Any CPU
		{C3CFC888-E152-4331-B836-85DC4D79F830}.Debug|x86.Build.0 = Debug|Any CPU
		{C3CFC888-E152-4331-B836-85DC4D79F830}.Release|Any CPU.ActiveCfg = Release|Any CPU
		{C3CFC888-E152-4331-B836-85DC4D79F830}.Release|Any CPU.Build.0 = Release|Any CPU
		{C3CFC888-E152-4331-B836-85DC4D79F830}.Release|x64.ActiveCfg = Release|Any CPU
		{C3CFC888-E152-4331-B836-85DC4D79F830}.Release|x64.Build.0 = Release|Any CPU
		{C3CFC888-E152-4331-B836-85DC4D79F830}.Release|x86.ActiveCfg = Release|Any CPU
		{C3CFC888-E152-4331-B836-85DC4D79F830}.Release|x86.Build.0 = Release|Any CPU
		{62239ABA-6648-442A-B5B0-07FAA338D01E}.Debug|Any CPU.ActiveCfg = Debug|Any CPU
		{62239ABA-6648-442A-B5B0-07FAA338D01E}.Debug|Any CPU.Build.0 = Debug|Any CPU
		{62239ABA-6648-442A-B5B0-07FAA338D01E}.Debug|x64.ActiveCfg = Debug|Any CPU
		{62239ABA-6648-442A-B5B0-07FAA338D01E}.Debug|x64.Build.0 = Debug|Any CPU
		{62239ABA-6648-442A-B5B0-07FAA338D01E}.Debug|x86.ActiveCfg = Debug|Any CPU
		{62239ABA-6648-442A-B5B0-07FAA338D01E}.Debug|x86.Build.0 = Debug|Any CPU
		{62239ABA-6648-442A-B5B0-07FAA338D01E}.Release|Any CPU.ActiveCfg = Release|Any CPU
		{62239ABA-6648-442A-B5B0-07FAA338D01E}.Release|Any CPU.Build.0 = Release|Any CPU
		{62239ABA-6648-442A-B5B0-07FAA338D01E}.Release|x64.ActiveCfg = Release|Any CPU
		{62239ABA-6648-442A-B5B0-07FAA338D01E}.Release|x64.Build.0 = Release|Any CPU
		{62239ABA-6648-442A-B5B0-07FAA338D01E}.Release|x86.ActiveCfg = Release|Any CPU
		{62239ABA-6648-442A-B5B0-07FAA338D01E}.Release|x86.Build.0 = Release|Any CPU
	EndGlobalSection
	GlobalSection(SolutionProperties) = preSolution
		HideSolutionNode = FALSE
	EndGlobalSection
	GlobalSection(NestedProjects) = preSolution
		{05DB0FDF-0DDF-49F1-A2B1-B531EAA78FA1} = {5BC8A2EF-3306-4754-B3AD-58989BA21E96}
		{91631D44-111A-4574-9405-3CEEDC7668ED} = {5BC8A2EF-3306-4754-B3AD-58989BA21E96}
		{DE603BCF-5973-41D0-9A0B-25FEA5AB5802} = {DA258C08-A72D-40A2-B156-531697C3DDAE}
		{21387CC0-B6B1-4711-B6DE-B99703F4A897} = {5BC8A2EF-3306-4754-B3AD-58989BA21E96}
		{40412AC7-2595-4A24-A9F8-A826BB789BCC} = {DA258C08-A72D-40A2-B156-531697C3DDAE}
		{D7C5AA56-A0BB-496B-B902-6BE630B5CFF1} = {DA258C08-A72D-40A2-B156-531697C3DDAE}
		{C3CFC888-E152-4331-B836-85DC4D79F830} = {DA258C08-A72D-40A2-B156-531697C3DDAE}
	EndGlobalSection
EndGlobal
